// !$*UTF8*$!
{
	archiveVersion = 1;
	classes = {
	};
	objectVersion = 51;
	objects = {

/* Begin PBXBuildFile section */
		573A7BF777E2A956941DC99A /* Pods_Instagram.framework in Frameworks */ = {isa = PBXBuildFile; fileRef = 3E8EF5BFF0F4972F6C47C863 /* Pods_Instagram.framework */; };
		A56C337D26617A0F00C48DE2 /* UserFollowTableViewCell.swift in Sources */ = {isa = PBXBuildFile; fileRef = A56C337C26617A0F00C48DE2 /* UserFollowTableViewCell.swift */; };
		A5A129CE2663773B006B7948 /* noNotificationsView.swift in Sources */ = {isa = PBXBuildFile; fileRef = A5A129CD2663773B006B7948 /* noNotificationsView.swift */; };
		A5A129D226637D8B006B7948 /* NotificationFollowEventTableViewCell.swift in Sources */ = {isa = PBXBuildFile; fileRef = A5A129D126637D8B006B7948 /* NotificationFollowEventTableViewCell.swift */; };
		A5A129D626637DA3006B7948 /* NotificationLikeEventTableViewCell.swift in Sources */ = {isa = PBXBuildFile; fileRef = A5A129D526637DA3006B7948 /* NotificationLikeEventTableViewCell.swift */; };
		A5B1A8A426536D8D00A716D2 /* AppDelegate.swift in Sources */ = {isa = PBXBuildFile; fileRef = A5B1A8A326536D8D00A716D2 /* AppDelegate.swift */; };
		A5B1A8A626536D8D00A716D2 /* SceneDelegate.swift in Sources */ = {isa = PBXBuildFile; fileRef = A5B1A8A526536D8D00A716D2 /* SceneDelegate.swift */; };
		A5B1A8A826536D8D00A716D2 /* HomeViewController.swift in Sources */ = {isa = PBXBuildFile; fileRef = A5B1A8A726536D8D00A716D2 /* HomeViewController.swift */; };
		A5B1A8AB26536D8D00A716D2 /* Main.storyboard in Resources */ = {isa = PBXBuildFile; fileRef = A5B1A8A926536D8D00A716D2 /* Main.storyboard */; };
		A5B1A8AD26536D8F00A716D2 /* Assets.xcassets in Resources */ = {isa = PBXBuildFile; fileRef = A5B1A8AC26536D8F00A716D2 /* Assets.xcassets */; };
		A5B1A8B026536D8F00A716D2 /* LaunchScreen.storyboard in Resources */ = {isa = PBXBuildFile; fileRef = A5B1A8AE26536D8F00A716D2 /* LaunchScreen.storyboard */; };
		A5B1A8BF26536FAD00A716D2 /* ExploreViewController.swift in Sources */ = {isa = PBXBuildFile; fileRef = A5B1A8BE26536FAD00A716D2 /* ExploreViewController.swift */; };
		A5B1A8C226536FEF00A716D2 /* CameraViewController.swift in Sources */ = {isa = PBXBuildFile; fileRef = A5B1A8C126536FEF00A716D2 /* CameraViewController.swift */; };
		A5B1A8C52653700100A716D2 /* NotificationsViewController.swift in Sources */ = {isa = PBXBuildFile; fileRef = A5B1A8C42653700100A716D2 /* NotificationsViewController.swift */; };
		A5B1A8C82653702B00A716D2 /* ProfileViewController.swift in Sources */ = {isa = PBXBuildFile; fileRef = A5B1A8C72653702B00A716D2 /* ProfileViewController.swift */; };
		A5B1A8CF265370EC00A716D2 /* LoginViewController.swift in Sources */ = {isa = PBXBuildFile; fileRef = A5B1A8CE265370EC00A716D2 /* LoginViewController.swift */; };
		A5B1A8D32653710E00A716D2 /* RegistrationViewController.swift in Sources */ = {isa = PBXBuildFile; fileRef = A5B1A8D22653710E00A716D2 /* RegistrationViewController.swift */; };
		A5B1A8D62653714F00A716D2 /* PostViewController.swift in Sources */ = {isa = PBXBuildFile; fileRef = A5B1A8D52653714F00A716D2 /* PostViewController.swift */; };
		A5B1A8D92653718B00A716D2 /* EditProfileViewController.swift in Sources */ = {isa = PBXBuildFile; fileRef = A5B1A8D82653718B00A716D2 /* EditProfileViewController.swift */; };
		A5B1A8DC2653719E00A716D2 /* SettingsViewController.swift in Sources */ = {isa = PBXBuildFile; fileRef = A5B1A8DB2653719E00A716D2 /* SettingsViewController.swift */; };
		A5B1A8DF265371CD00A716D2 /* ListViewController.swift in Sources */ = {isa = PBXBuildFile; fileRef = A5B1A8DE265371CD00A716D2 /* ListViewController.swift */; };
		A5B1A8E2265371EC00A716D2 /* SearchViewController.swift in Sources */ = {isa = PBXBuildFile; fileRef = A5B1A8E1265371EC00A716D2 /* SearchViewController.swift */; };
		A5B1A8E52653721A00A716D2 /* SearchResultViewController.swift in Sources */ = {isa = PBXBuildFile; fileRef = A5B1A8E42653721A00A716D2 /* SearchResultViewController.swift */; };
		A5B1A8E82653726400A716D2 /* PostEditorViewController.swift in Sources */ = {isa = PBXBuildFile; fileRef = A5B1A8E72653726400A716D2 /* PostEditorViewController.swift */; };
		A5B1A8EB2653727700A716D2 /* PublishPostViewController.swift in Sources */ = {isa = PBXBuildFile; fileRef = A5B1A8EA2653727700A716D2 /* PublishPostViewController.swift */; };
		A5B1A9042654D19900A716D2 /* GoogleService-Info.plist in Resources */ = {isa = PBXBuildFile; fileRef = A5B1A9032654D19900A716D2 /* GoogleService-Info.plist */; };
		A5B1A91B265591CF00A716D2 /* DatabaseManager.swift in Sources */ = {isa = PBXBuildFile; fileRef = A5B1A91A265591CF00A716D2 /* DatabaseManager.swift */; };
		A5B1A91E2655933F00A716D2 /* AuthManager.swift in Sources */ = {isa = PBXBuildFile; fileRef = A5B1A91D2655933F00A716D2 /* AuthManager.swift */; };
		A5B1A921265593B400A716D2 /* StorageManager.swift in Sources */ = {isa = PBXBuildFile; fileRef = A5B1A920265593B400A716D2 /* StorageManager.swift */; };
		A5B1A93826559C6700A716D2 /* Extensions.swift in Sources */ = {isa = PBXBuildFile; fileRef = A5B1A93726559C6700A716D2 /* Extensions.swift */; };
		A5B1A9512657671100A716D2 /* IGFeedPostTableViewCell.swift in Sources */ = {isa = PBXBuildFile; fileRef = A5B1A9502657671100A716D2 /* IGFeedPostTableViewCell.swift */; };
		A5B1A956265769A600A716D2 /* IGFeedPostHeaderTableViewCell.swift in Sources */ = {isa = PBXBuildFile; fileRef = A5B1A955265769A600A716D2 /* IGFeedPostHeaderTableViewCell.swift */; };
		A5B1A95C265769D300A716D2 /* IGFeedPostActionsTableViewCell.swift in Sources */ = {isa = PBXBuildFile; fileRef = A5B1A95B265769D300A716D2 /* IGFeedPostActionsTableViewCell.swift */; };
		A5B1A95F26576A1C00A716D2 /* IGFeedPostGeneralTableViewCell.swift in Sources */ = {isa = PBXBuildFile; fileRef = A5B1A95E26576A1C00A716D2 /* IGFeedPostGeneralTableViewCell.swift */; };
		A5B1A9622658419200A716D2 /* FormTableViewCell.swift in Sources */ = {isa = PBXBuildFile; fileRef = A5B1A9612658419200A716D2 /* FormTableViewCell.swift */; };
		A5B1A966265860CF00A716D2 /* PhotoCollectionViewCell.swift in Sources */ = {isa = PBXBuildFile; fileRef = A5B1A965265860CF00A716D2 /* PhotoCollectionViewCell.swift */; };
		A5B1A96A2658615900A716D2 /* ProfileInfoHeaderCollectionReusableView.swift in Sources */ = {isa = PBXBuildFile; fileRef = A5B1A9692658615900A716D2 /* ProfileInfoHeaderCollectionReusableView.swift */; };
		A5B1A96D265861CE00A716D2 /* ProfileTabsCollectionReusableView.swift in Sources */ = {isa = PBXBuildFile; fileRef = A5B1A96C265861CE00A716D2 /* ProfileTabsCollectionReusableView.swift */; };
		A5B1A985265899F100A716D2 /* models.swift in Sources */ = {isa = PBXBuildFile; fileRef = A5B1A984265899F100A716D2 /* models.swift */; };
/* End PBXBuildFile section */

/* Begin PBXFileReference section */
		3E8EF5BFF0F4972F6C47C863 /* Pods_Instagram.framework */ = {isa = PBXFileReference; explicitFileType = wrapper.framework; includeInIndex = 0; path = Pods_Instagram.framework; sourceTree = BUILT_PRODUCTS_DIR; };
		5A6002C57B9DE3731EBAFA04 /* Pods-Instagram.debug.xcconfig */ = {isa = PBXFileReference; includeInIndex = 1; lastKnownFileType = text.xcconfig; name = "Pods-Instagram.debug.xcconfig"; path = "Target Support Files/Pods-Instagram/Pods-Instagram.debug.xcconfig"; sourceTree = "<group>"; };
		6E8BB996F55844CCEC9D1B3A /* Pods-Instagram.release.xcconfig */ = {isa = PBXFileReference; includeInIndex = 1; lastKnownFileType = text.xcconfig; name = "Pods-Instagram.release.xcconfig"; path = "Target Support Files/Pods-Instagram/Pods-Instagram.release.xcconfig"; sourceTree = "<group>"; };
		A56C337C26617A0F00C48DE2 /* UserFollowTableViewCell.swift */ = {isa = PBXFileReference; lastKnownFileType = sourcecode.swift; path = UserFollowTableViewCell.swift; sourceTree = "<group>"; };
		A5A129CD2663773B006B7948 /* noNotificationsView.swift */ = {isa = PBXFileReference; lastKnownFileType = sourcecode.swift; path = noNotificationsView.swift; sourceTree = "<group>"; };
		A5A129D126637D8B006B7948 /* NotificationFollowEventTableViewCell.swift */ = {isa = PBXFileReference; lastKnownFileType = sourcecode.swift; path = NotificationFollowEventTableViewCell.swift; sourceTree = "<group>"; };
		A5A129D526637DA3006B7948 /* NotificationLikeEventTableViewCell.swift */ = {isa = PBXFileReference; lastKnownFileType = sourcecode.swift; path = NotificationLikeEventTableViewCell.swift; sourceTree = "<group>"; };
		A5B1A8A026536D8D00A716D2 /* Instagram.app */ = {isa = PBXFileReference; explicitFileType = wrapper.application; includeInIndex = 0; path = Instagram.app; sourceTree = BUILT_PRODUCTS_DIR; };
		A5B1A8A326536D8D00A716D2 /* AppDelegate.swift */ = {isa = PBXFileReference; lastKnownFileType = sourcecode.swift; path = AppDelegate.swift; sourceTree = "<group>"; };
		A5B1A8A526536D8D00A716D2 /* SceneDelegate.swift */ = {isa = PBXFileReference; lastKnownFileType = sourcecode.swift; path = SceneDelegate.swift; sourceTree = "<group>"; };
		A5B1A8A726536D8D00A716D2 /* HomeViewController.swift */ = {isa = PBXFileReference; lastKnownFileType = sourcecode.swift; path = HomeViewController.swift; sourceTree = "<group>"; };
		A5B1A8AA26536D8D00A716D2 /* Base */ = {isa = PBXFileReference; lastKnownFileType = file.storyboard; name = Base; path = Base.lproj/Main.storyboard; sourceTree = "<group>"; };
		A5B1A8AC26536D8F00A716D2 /* Assets.xcassets */ = {isa = PBXFileReference; lastKnownFileType = folder.assetcatalog; path = Assets.xcassets; sourceTree = "<group>"; };
		A5B1A8AF26536D8F00A716D2 /* Base */ = {isa = PBXFileReference; lastKnownFileType = file.storyboard; name = Base; path = Base.lproj/LaunchScreen.storyboard; sourceTree = "<group>"; };
		A5B1A8B126536D8F00A716D2 /* Info.plist */ = {isa = PBXFileReference; lastKnownFileType = text.plist.xml; path = Info.plist; sourceTree = "<group>"; };
		A5B1A8BE26536FAD00A716D2 /* ExploreViewController.swift */ = {isa = PBXFileReference; lastKnownFileType = sourcecode.swift; path = ExploreViewController.swift; sourceTree = "<group>"; };
		A5B1A8C126536FEF00A716D2 /* CameraViewController.swift */ = {isa = PBXFileReference; lastKnownFileType = sourcecode.swift; path = CameraViewController.swift; sourceTree = "<group>"; };
		A5B1A8C42653700100A716D2 /* NotificationsViewController.swift */ = {isa = PBXFileReference; lastKnownFileType = sourcecode.swift; path = NotificationsViewController.swift; sourceTree = "<group>"; };
		A5B1A8C72653702B00A716D2 /* ProfileViewController.swift */ = {isa = PBXFileReference; lastKnownFileType = sourcecode.swift; path = ProfileViewController.swift; sourceTree = "<group>"; };
		A5B1A8CE265370EC00A716D2 /* LoginViewController.swift */ = {isa = PBXFileReference; lastKnownFileType = sourcecode.swift; path = LoginViewController.swift; sourceTree = "<group>"; };
		A5B1A8D22653710E00A716D2 /* RegistrationViewController.swift */ = {isa = PBXFileReference; lastKnownFileType = sourcecode.swift; path = RegistrationViewController.swift; sourceTree = "<group>"; };
		A5B1A8D52653714F00A716D2 /* PostViewController.swift */ = {isa = PBXFileReference; lastKnownFileType = sourcecode.swift; path = PostViewController.swift; sourceTree = "<group>"; };
		A5B1A8D82653718B00A716D2 /* EditProfileViewController.swift */ = {isa = PBXFileReference; lastKnownFileType = sourcecode.swift; path = EditProfileViewController.swift; sourceTree = "<group>"; };
		A5B1A8DB2653719E00A716D2 /* SettingsViewController.swift */ = {isa = PBXFileReference; lastKnownFileType = sourcecode.swift; path = SettingsViewController.swift; sourceTree = "<group>"; };
		A5B1A8DE265371CD00A716D2 /* ListViewController.swift */ = {isa = PBXFileReference; lastKnownFileType = sourcecode.swift; path = ListViewController.swift; sourceTree = "<group>"; };
		A5B1A8E1265371EC00A716D2 /* SearchViewController.swift */ = {isa = PBXFileReference; lastKnownFileType = sourcecode.swift; path = SearchViewController.swift; sourceTree = "<group>"; };
		A5B1A8E42653721A00A716D2 /* SearchResultViewController.swift */ = {isa = PBXFileReference; lastKnownFileType = sourcecode.swift; path = SearchResultViewController.swift; sourceTree = "<group>"; };
		A5B1A8E72653726400A716D2 /* PostEditorViewController.swift */ = {isa = PBXFileReference; lastKnownFileType = sourcecode.swift; path = PostEditorViewController.swift; sourceTree = "<group>"; };
		A5B1A8EA2653727700A716D2 /* PublishPostViewController.swift */ = {isa = PBXFileReference; lastKnownFileType = sourcecode.swift; path = PublishPostViewController.swift; sourceTree = "<group>"; };
		A5B1A9032654D19900A716D2 /* GoogleService-Info.plist */ = {isa = PBXFileReference; fileEncoding = 4; lastKnownFileType = text.plist.xml; path = "GoogleService-Info.plist"; sourceTree = "<group>"; };
		A5B1A91A265591CF00A716D2 /* DatabaseManager.swift */ = {isa = PBXFileReference; lastKnownFileType = sourcecode.swift; path = DatabaseManager.swift; sourceTree = "<group>"; };
		A5B1A91D2655933F00A716D2 /* AuthManager.swift */ = {isa = PBXFileReference; lastKnownFileType = sourcecode.swift; path = AuthManager.swift; sourceTree = "<group>"; };
		A5B1A920265593B400A716D2 /* StorageManager.swift */ = {isa = PBXFileReference; lastKnownFileType = sourcecode.swift; path = StorageManager.swift; sourceTree = "<group>"; };
		A5B1A93726559C6700A716D2 /* Extensions.swift */ = {isa = PBXFileReference; lastKnownFileType = sourcecode.swift; path = Extensions.swift; sourceTree = "<group>"; };
		A5B1A9502657671100A716D2 /* IGFeedPostTableViewCell.swift */ = {isa = PBXFileReference; lastKnownFileType = sourcecode.swift; path = IGFeedPostTableViewCell.swift; sourceTree = "<group>"; };
		A5B1A955265769A600A716D2 /* IGFeedPostHeaderTableViewCell.swift */ = {isa = PBXFileReference; lastKnownFileType = sourcecode.swift; path = IGFeedPostHeaderTableViewCell.swift; sourceTree = "<group>"; };
		A5B1A95B265769D300A716D2 /* IGFeedPostActionsTableViewCell.swift */ = {isa = PBXFileReference; lastKnownFileType = sourcecode.swift; path = IGFeedPostActionsTableViewCell.swift; sourceTree = "<group>"; };
		A5B1A95E26576A1C00A716D2 /* IGFeedPostGeneralTableViewCell.swift */ = {isa = PBXFileReference; lastKnownFileType = sourcecode.swift; path = IGFeedPostGeneralTableViewCell.swift; sourceTree = "<group>"; };
		A5B1A9612658419200A716D2 /* FormTableViewCell.swift */ = {isa = PBXFileReference; lastKnownFileType = sourcecode.swift; path = FormTableViewCell.swift; sourceTree = "<group>"; };
		A5B1A965265860CF00A716D2 /* PhotoCollectionViewCell.swift */ = {isa = PBXFileReference; lastKnownFileType = sourcecode.swift; path = PhotoCollectionViewCell.swift; sourceTree = "<group>"; };
		A5B1A9692658615900A716D2 /* ProfileInfoHeaderCollectionReusableView.swift */ = {isa = PBXFileReference; lastKnownFileType = sourcecode.swift; path = ProfileInfoHeaderCollectionReusableView.swift; sourceTree = "<group>"; };
		A5B1A96C265861CE00A716D2 /* ProfileTabsCollectionReusableView.swift */ = {isa = PBXFileReference; lastKnownFileType = sourcecode.swift; path = ProfileTabsCollectionReusableView.swift; sourceTree = "<group>"; };
		A5B1A984265899F100A716D2 /* models.swift */ = {isa = PBXFileReference; lastKnownFileType = sourcecode.swift; path = models.swift; sourceTree = "<group>"; };
/* End PBXFileReference section */

/* Begin PBXFrameworksBuildPhase section */
		A5B1A89D26536D8D00A716D2 /* Frameworks */ = {
			isa = PBXFrameworksBuildPhase;
			buildActionMask = 2147483647;
			files = (
				573A7BF777E2A956941DC99A /* Pods_Instagram.framework in Frameworks */,
			);
			runOnlyForDeploymentPostprocessing = 0;
		};
/* End PBXFrameworksBuildPhase section */

/* Begin PBXGroup section */
		0E75999E9003BD40E145199C /* Pods */ = {
			isa = PBXGroup;
			children = (
				5A6002C57B9DE3731EBAFA04 /* Pods-Instagram.debug.xcconfig */,
				6E8BB996F55844CCEC9D1B3A /* Pods-Instagram.release.xcconfig */,
			);
			path = Pods;
			sourceTree = "<group>";
		};
		0FFC05204690DCDF3E2BCD26 /* Frameworks */ = {
			isa = PBXGroup;
			children = (
				3E8EF5BFF0F4972F6C47C863 /* Pods_Instagram.framework */,
			);
			name = Frameworks;
			sourceTree = "<group>";
		};
		A5A129D026637D28006B7948 /* Notifications */ = {
			isa = PBXGroup;
			children = (
				A5A129D126637D8B006B7948 /* NotificationFollowEventTableViewCell.swift */,
				A5A129D526637DA3006B7948 /* NotificationLikeEventTableViewCell.swift */,
			);
			path = Notifications;
			sourceTree = "<group>";
		};
		A5B1A89726536D8D00A716D2 = {
			isa = PBXGroup;
			children = (
				A5B1A8A226536D8D00A716D2 /* Instagram */,
				A5B1A8A126536D8D00A716D2 /* Products */,
				0E75999E9003BD40E145199C /* Pods */,
				0FFC05204690DCDF3E2BCD26 /* Frameworks */,
			);
			sourceTree = "<group>";
		};
		A5B1A8A126536D8D00A716D2 /* Products */ = {
			isa = PBXGroup;
			children = (
				A5B1A8A026536D8D00A716D2 /* Instagram.app */,
			);
			name = Products;
			sourceTree = "<group>";
		};
		A5B1A8A226536D8D00A716D2 /* Instagram */ = {
			isa = PBXGroup;
			children = (
				A5B1A8BB26536E8300A716D2 /* Resources */,
				A5B1A8BA26536E7D00A716D2 /* Models */,
				A5B1A8B926536E6600A716D2 /* Views */,
				A5B1A8B826536E5A00A716D2 /* Controllers */,
				A5B1A8B126536D8F00A716D2 /* Info.plist */,
			);
			path = Instagram;
			sourceTree = "<group>";
		};
		A5B1A8B826536E5A00A716D2 /* Controllers */ = {
			isa = PBXGroup;
			children = (
				A5B1A8CC265370CB00A716D2 /* Other */,
				A5B1A8CA2653706300A716D2 /* Core Tabs */,
			);
			path = Controllers;
			sourceTree = "<group>";
		};
		A5B1A8B926536E6600A716D2 /* Views */ = {
			isa = PBXGroup;
			children = (
				A5B1A9642658607600A716D2 /* CollectionView Headers */,
				A5B1A94F265766C000A716D2 /* Cells */,
				A5B1A8AE26536D8F00A716D2 /* LaunchScreen.storyboard */,
				A5B1A8BC26536F0500A716D2 /* Storyboards */,
				A5A129CD2663773B006B7948 /* noNotificationsView.swift */,
			);
			path = Views;
			sourceTree = "<group>";
		};
		A5B1A8BA26536E7D00A716D2 /* Models */ = {
			isa = PBXGroup;
			children = (
				A5B1A984265899F100A716D2 /* models.swift */,
			);
			path = Models;
			sourceTree = "<group>";
		};
		A5B1A8BB26536E8300A716D2 /* Resources */ = {
			isa = PBXGroup;
			children = (
				A5B1A9032654D19900A716D2 /* GoogleService-Info.plist */,
				A5B1A8A326536D8D00A716D2 /* AppDelegate.swift */,
				A5B1A8A526536D8D00A716D2 /* SceneDelegate.swift */,
				A5B1A91A265591CF00A716D2 /* DatabaseManager.swift */,
				A5B1A91D2655933F00A716D2 /* AuthManager.swift */,
				A5B1A920265593B400A716D2 /* StorageManager.swift */,
				A5B1A93726559C6700A716D2 /* Extensions.swift */,
			);
			path = Resources;
			sourceTree = "<group>";
		};
		A5B1A8BC26536F0500A716D2 /* Storyboards */ = {
			isa = PBXGroup;
			children = (
				A5B1A8A926536D8D00A716D2 /* Main.storyboard */,
				A5B1A8AC26536D8F00A716D2 /* Assets.xcassets */,
			);
			path = Storyboards;
			sourceTree = "<group>";
		};
		A5B1A8CA2653706300A716D2 /* Core Tabs */ = {
			isa = PBXGroup;
			children = (
				A5B1A8A726536D8D00A716D2 /* HomeViewController.swift */,
				A5B1A8BE26536FAD00A716D2 /* ExploreViewController.swift */,
				A5B1A8C126536FEF00A716D2 /* CameraViewController.swift */,
				A5B1A8C42653700100A716D2 /* NotificationsViewController.swift */,
				A5B1A8C72653702B00A716D2 /* ProfileViewController.swift */,
			);
			path = "Core Tabs";
			sourceTree = "<group>";
		};
		A5B1A8CC265370CB00A716D2 /* Other */ = {
			isa = PBXGroup;
			children = (
				A5B1A8CD265370D800A716D2 /* Onboarding */,
				A5B1A906265590C200A716D2 /* General */,
			);
			path = Other;
			sourceTree = "<group>";
		};
		A5B1A8CD265370D800A716D2 /* Onboarding */ = {
			isa = PBXGroup;
			children = (
				A5B1A8CE265370EC00A716D2 /* LoginViewController.swift */,
				A5B1A8D22653710E00A716D2 /* RegistrationViewController.swift */,
			);
			path = Onboarding;
			sourceTree = "<group>";
		};
		A5B1A906265590C200A716D2 /* General */ = {
			isa = PBXGroup;
			children = (
				A5B1A8D52653714F00A716D2 /* PostViewController.swift */,
				A5B1A8D82653718B00A716D2 /* EditProfileViewController.swift */,
				A5B1A8DB2653719E00A716D2 /* SettingsViewController.swift */,
				A5B1A8DE265371CD00A716D2 /* ListViewController.swift */,
				A5B1A8E1265371EC00A716D2 /* SearchViewController.swift */,
				A5B1A8E42653721A00A716D2 /* SearchResultViewController.swift */,
				A5B1A8E72653726400A716D2 /* PostEditorViewController.swift */,
				A5B1A8EA2653727700A716D2 /* PublishPostViewController.swift */,
			);
			path = General;
			sourceTree = "<group>";
		};
		A5B1A94F265766C000A716D2 /* Cells */ = {
			isa = PBXGroup;
			children = (
				A5A129D026637D28006B7948 /* Notifications */,
				A5B1A9542657696000A716D2 /* Home Feed */,
				A5B1A9612658419200A716D2 /* FormTableViewCell.swift */,
				A5B1A965265860CF00A716D2 /* PhotoCollectionViewCell.swift */,
				A56C337C26617A0F00C48DE2 /* UserFollowTableViewCell.swift */,
			);
			path = Cells;
			sourceTree = "<group>";
		};
		A5B1A9542657696000A716D2 /* Home Feed */ = {
			isa = PBXGroup;
			children = (
				A5B1A9502657671100A716D2 /* IGFeedPostTableViewCell.swift */,
				A5B1A955265769A600A716D2 /* IGFeedPostHeaderTableViewCell.swift */,
				A5B1A95B265769D300A716D2 /* IGFeedPostActionsTableViewCell.swift */,
				A5B1A95E26576A1C00A716D2 /* IGFeedPostGeneralTableViewCell.swift */,
			);
			path = "Home Feed";
			sourceTree = "<group>";
		};
		A5B1A9642658607600A716D2 /* CollectionView Headers */ = {
			isa = PBXGroup;
			children = (
				A5B1A9692658615900A716D2 /* ProfileInfoHeaderCollectionReusableView.swift */,
				A5B1A96C265861CE00A716D2 /* ProfileTabsCollectionReusableView.swift */,
			);
			path = "CollectionView Headers";
			sourceTree = "<group>";
		};
/* End PBXGroup section */

/* Begin PBXNativeTarget section */
		A5B1A89F26536D8D00A716D2 /* Instagram */ = {
			isa = PBXNativeTarget;
			buildConfigurationList = A5B1A8B426536D8F00A716D2 /* Build configuration list for PBXNativeTarget "Instagram" */;
			buildPhases = (
				01751864202C8B3D1FB96EFF /* [CP] Check Pods Manifest.lock */,
				A5B1A89C26536D8D00A716D2 /* Sources */,
				A5B1A89D26536D8D00A716D2 /* Frameworks */,
				A5B1A89E26536D8D00A716D2 /* Resources */,
				02638202271C66DF179B34E6 /* [CP] Embed Pods Frameworks */,
			);
			buildRules = (
			);
			dependencies = (
			);
			name = Instagram;
			productName = Instagram;
			productReference = A5B1A8A026536D8D00A716D2 /* Instagram.app */;
			productType = "com.apple.product-type.application";
		};
/* End PBXNativeTarget section */

/* Begin PBXProject section */
		A5B1A89826536D8D00A716D2 /* Project object */ = {
			isa = PBXProject;
			attributes = {
				LastSwiftUpdateCheck = 1240;
				LastUpgradeCheck = 1240;
				TargetAttributes = {
					A5B1A89F26536D8D00A716D2 = {
						CreatedOnToolsVersion = 12.4;
					};
				};
			};
			buildConfigurationList = A5B1A89B26536D8D00A716D2 /* Build configuration list for PBXProject "Instagram" */;
			compatibilityVersion = "Xcode 9.3";
			developmentRegion = en;
			hasScannedForEncodings = 0;
			knownRegions = (
				en,
				Base,
			);
			mainGroup = A5B1A89726536D8D00A716D2;
			productRefGroup = A5B1A8A126536D8D00A716D2 /* Products */;
			projectDirPath = "";
			projectRoot = "";
			targets = (
				A5B1A89F26536D8D00A716D2 /* Instagram */,
			);
		};
/* End PBXProject section */

/* Begin PBXResourcesBuildPhase section */
		A5B1A89E26536D8D00A716D2 /* Resources */ = {
			isa = PBXResourcesBuildPhase;
			buildActionMask = 2147483647;
			files = (
				A5B1A8B026536D8F00A716D2 /* LaunchScreen.storyboard in Resources */,
				A5B1A9042654D19900A716D2 /* GoogleService-Info.plist in Resources */,
				A5B1A8AD26536D8F00A716D2 /* Assets.xcassets in Resources */,
				A5B1A8AB26536D8D00A716D2 /* Main.storyboard in Resources */,
			);
			runOnlyForDeploymentPostprocessing = 0;
		};
/* End PBXResourcesBuildPhase section */

/* Begin PBXShellScriptBuildPhase section */
		01751864202C8B3D1FB96EFF /* [CP] Check Pods Manifest.lock */ = {
			isa = PBXShellScriptBuildPhase;
			buildActionMask = 2147483647;
			files = (
			);
			inputFileListPaths = (
			);
			inputPaths = (
				"${PODS_PODFILE_DIR_PATH}/Podfile.lock",
				"${PODS_ROOT}/Manifest.lock",
			);
			name = "[CP] Check Pods Manifest.lock";
			outputFileListPaths = (
			);
			outputPaths = (
				"$(DERIVED_FILE_DIR)/Pods-Instagram-checkManifestLockResult.txt",
			);
			runOnlyForDeploymentPostprocessing = 0;
			shellPath = /bin/sh;
			shellScript = "diff \"${PODS_PODFILE_DIR_PATH}/Podfile.lock\" \"${PODS_ROOT}/Manifest.lock\" > /dev/null\nif [ $? != 0 ] ; then\n    # print error to STDERR\n    echo \"error: The sandbox is not in sync with the Podfile.lock. Run 'pod install' or update your CocoaPods installation.\" >&2\n    exit 1\nfi\n# This output is used by Xcode 'outputs' to avoid re-running this script phase.\necho \"SUCCESS\" > \"${SCRIPT_OUTPUT_FILE_0}\"\n";
			showEnvVarsInLog = 0;
		};
		02638202271C66DF179B34E6 /* [CP] Embed Pods Frameworks */ = {
			isa = PBXShellScriptBuildPhase;
			buildActionMask = 2147483647;
			files = (
			);
			inputFileListPaths = (
				"${PODS_ROOT}/Target Support Files/Pods-Instagram/Pods-Instagram-frameworks-${CONFIGURATION}-input-files.xcfilelist",
			);
			name = "[CP] Embed Pods Frameworks";
			outputFileListPaths = (
				"${PODS_ROOT}/Target Support Files/Pods-Instagram/Pods-Instagram-frameworks-${CONFIGURATION}-output-files.xcfilelist",
			);
			runOnlyForDeploymentPostprocessing = 0;
			shellPath = /bin/sh;
			shellScript = "\"${PODS_ROOT}/Target Support Files/Pods-Instagram/Pods-Instagram-frameworks.sh\"\n";
			showEnvVarsInLog = 0;
		};
/* End PBXShellScriptBuildPhase section */

/* Begin PBXSourcesBuildPhase section */
		A5B1A89C26536D8D00A716D2 /* Sources */ = {
			isa = PBXSourcesBuildPhase;
			buildActionMask = 2147483647;
			files = (
				A5B1A8D92653718B00A716D2 /* EditProfileViewController.swift in Sources */,
				A5B1A8BF26536FAD00A716D2 /* ExploreViewController.swift in Sources */,
				A5B1A8EB2653727700A716D2 /* PublishPostViewController.swift in Sources */,
				A5B1A8C226536FEF00A716D2 /* CameraViewController.swift in Sources */,
				A5B1A8A826536D8D00A716D2 /* HomeViewController.swift in Sources */,
				A5B1A8D32653710E00A716D2 /* RegistrationViewController.swift in Sources */,
				A5A129CE2663773B006B7948 /* noNotificationsView.swift in Sources */,
				A5B1A956265769A600A716D2 /* IGFeedPostHeaderTableViewCell.swift in Sources */,
				A5A129D226637D8B006B7948 /* NotificationFollowEventTableViewCell.swift in Sources */,
				A5B1A8E82653726400A716D2 /* PostEditorViewController.swift in Sources */,
				A5B1A921265593B400A716D2 /* StorageManager.swift in Sources */,
				A56C337D26617A0F00C48DE2 /* UserFollowTableViewCell.swift in Sources */,
				A5B1A9622658419200A716D2 /* FormTableViewCell.swift in Sources */,
				A5B1A8D62653714F00A716D2 /* PostViewController.swift in Sources */,
				A5B1A96D265861CE00A716D2 /* ProfileTabsCollectionReusableView.swift in Sources */,
				A5B1A91B265591CF00A716D2 /* DatabaseManager.swift in Sources */,
				A5B1A8C52653700100A716D2 /* NotificationsViewController.swift in Sources */,
				A5B1A9512657671100A716D2 /* IGFeedPostTableViewCell.swift in Sources */,
				A5B1A966265860CF00A716D2 /* PhotoCollectionViewCell.swift in Sources */,
				A5B1A8E52653721A00A716D2 /* SearchResultViewController.swift in Sources */,
				A5B1A8CF265370EC00A716D2 /* LoginViewController.swift in Sources */,
				A5B1A93826559C6700A716D2 /* Extensions.swift in Sources */,
				A5B1A95F26576A1C00A716D2 /* IGFeedPostGeneralTableViewCell.swift in Sources */,
				A5B1A8E2265371EC00A716D2 /* SearchViewController.swift in Sources */,
				A5A129D626637DA3006B7948 /* NotificationLikeEventTableViewCell.swift in Sources */,
				A5B1A96A2658615900A716D2 /* ProfileInfoHeaderCollectionReusableView.swift in Sources */,
				A5B1A8C82653702B00A716D2 /* ProfileViewController.swift in Sources */,
				A5B1A91E2655933F00A716D2 /* AuthManager.swift in Sources */,
				A5B1A8A426536D8D00A716D2 /* AppDelegate.swift in Sources */,
				A5B1A985265899F100A716D2 /* models.swift in Sources */,
				A5B1A8A626536D8D00A716D2 /* SceneDelegate.swift in Sources */,
				A5B1A95C265769D300A716D2 /* IGFeedPostActionsTableViewCell.swift in Sources */,
				A5B1A8DF265371CD00A716D2 /* ListViewController.swift in Sources */,
				A5B1A8DC2653719E00A716D2 /* SettingsViewController.swift in Sources */,
			);
			runOnlyForDeploymentPostprocessing = 0;
		};
/* End PBXSourcesBuildPhase section */

/* Begin PBXVariantGroup section */
		A5B1A8A926536D8D00A716D2 /* Main.storyboard */ = {
			isa = PBXVariantGroup;
			children = (
				A5B1A8AA26536D8D00A716D2 /* Base */,
			);
			name = Main.storyboard;
			sourceTree = "<group>";
		};
		A5B1A8AE26536D8F00A716D2 /* LaunchScreen.storyboard */ = {
			isa = PBXVariantGroup;
			children = (
				A5B1A8AF26536D8F00A716D2 /* Base */,
			);
			name = LaunchScreen.storyboard;
			sourceTree = "<group>";
		};
/* End PBXVariantGroup section */

/* Begin XCBuildConfiguration section */
		A5B1A8B226536D8F00A716D2 /* Debug */ = {
			isa = XCBuildConfiguration;
			buildSettings = {
				ALWAYS_SEARCH_USER_PATHS = NO;
				CLANG_ANALYZER_NONNULL = YES;
				CLANG_ANALYZER_NUMBER_OBJECT_CONVERSION = YES_AGGRESSIVE;
				CLANG_CXX_LANGUAGE_STANDARD = "gnu++14";
				CLANG_CXX_LIBRARY = "libc++";
				CLANG_ENABLE_MODULES = YES;
				CLANG_ENABLE_OBJC_ARC = YES;
				CLANG_ENABLE_OBJC_WEAK = YES;
				CLANG_WARN_BLOCK_CAPTURE_AUTORELEASING = YES;
				CLANG_WARN_BOOL_CONVERSION = YES;
				CLANG_WARN_COMMA = YES;
				CLANG_WARN_CONSTANT_CONVERSION = YES;
				CLANG_WARN_DEPRECATED_OBJC_IMPLEMENTATIONS = YES;
				CLANG_WARN_DIRECT_OBJC_ISA_USAGE = YES_ERROR;
				CLANG_WARN_DOCUMENTATION_COMMENTS = YES;
				CLANG_WARN_EMPTY_BODY = YES;
				CLANG_WARN_ENUM_CONVERSION = YES;
				CLANG_WARN_INFINITE_RECURSION = YES;
				CLANG_WARN_INT_CONVERSION = YES;
				CLANG_WARN_NON_LITERAL_NULL_CONVERSION = YES;
				CLANG_WARN_OBJC_IMPLICIT_RETAIN_SELF = YES;
				CLANG_WARN_OBJC_LITERAL_CONVERSION = YES;
				CLANG_WARN_OBJC_ROOT_CLASS = YES_ERROR;
				CLANG_WARN_QUOTED_INCLUDE_IN_FRAMEWORK_HEADER = YES;
				CLANG_WARN_RANGE_LOOP_ANALYSIS = YES;
				CLANG_WARN_STRICT_PROTOTYPES = YES;
				CLANG_WARN_SUSPICIOUS_MOVE = YES;
				CLANG_WARN_UNGUARDED_AVAILABILITY = YES_AGGRESSIVE;
				CLANG_WARN_UNREACHABLE_CODE = YES;
				CLANG_WARN__DUPLICATE_METHOD_MATCH = YES;
				COPY_PHASE_STRIP = NO;
				DEBUG_INFORMATION_FORMAT = dwarf;
				ENABLE_STRICT_OBJC_MSGSEND = YES;
				ENABLE_TESTABILITY = YES;
				GCC_C_LANGUAGE_STANDARD = gnu11;
				GCC_DYNAMIC_NO_PIC = NO;
				GCC_NO_COMMON_BLOCKS = YES;
				GCC_OPTIMIZATION_LEVEL = 0;
				GCC_PREPROCESSOR_DEFINITIONS = (
					"DEBUG=1",
					"$(inherited)",
				);
				GCC_WARN_64_TO_32_BIT_CONVERSION = YES;
				GCC_WARN_ABOUT_RETURN_TYPE = YES_ERROR;
				GCC_WARN_UNDECLARED_SELECTOR = YES;
				GCC_WARN_UNINITIALIZED_AUTOS = YES_AGGRESSIVE;
				GCC_WARN_UNUSED_FUNCTION = YES;
				GCC_WARN_UNUSED_VARIABLE = YES;
				IPHONEOS_DEPLOYMENT_TARGET = 14.4;
				MTL_ENABLE_DEBUG_INFO = INCLUDE_SOURCE;
				MTL_FAST_MATH = YES;
				ONLY_ACTIVE_ARCH = YES;
				SDKROOT = iphoneos;
				SWIFT_ACTIVE_COMPILATION_CONDITIONS = DEBUG;
				SWIFT_OPTIMIZATION_LEVEL = "-Onone";
			};
			name = Debug;
		};
		A5B1A8B326536D8F00A716D2 /* Release */ = {
			isa = XCBuildConfiguration;
			buildSettings = {
				ALWAYS_SEARCH_USER_PATHS = NO;
				CLANG_ANALYZER_NONNULL = YES;
				CLANG_ANALYZER_NUMBER_OBJECT_CONVERSION = YES_AGGRESSIVE;
				CLANG_CXX_LANGUAGE_STANDARD = "gnu++14";
				CLANG_CXX_LIBRARY = "libc++";
				CLANG_ENABLE_MODULES = YES;
				CLANG_ENABLE_OBJC_ARC = YES;
				CLANG_ENABLE_OBJC_WEAK = YES;
				CLANG_WARN_BLOCK_CAPTURE_AUTORELEASING = YES;
				CLANG_WARN_BOOL_CONVERSION = YES;
				CLANG_WARN_COMMA = YES;
				CLANG_WARN_CONSTANT_CONVERSION = YES;
				CLANG_WARN_DEPRECATED_OBJC_IMPLEMENTATIONS = YES;
				CLANG_WARN_DIRECT_OBJC_ISA_USAGE = YES_ERROR;
				CLANG_WARN_DOCUMENTATION_COMMENTS = YES;
				CLANG_WARN_EMPTY_BODY = YES;
				CLANG_WARN_ENUM_CONVERSION = YES;
				CLANG_WARN_INFINITE_RECURSION = YES;
				CLANG_WARN_INT_CONVERSION = YES;
				CLANG_WARN_NON_LITERAL_NULL_CONVERSION = YES;
				CLANG_WARN_OBJC_IMPLICIT_RETAIN_SELF = YES;
				CLANG_WARN_OBJC_LITERAL_CONVERSION = YES;
				CLANG_WARN_OBJC_ROOT_CLASS = YES_ERROR;
				CLANG_WARN_QUOTED_INCLUDE_IN_FRAMEWORK_HEADER = YES;
				CLANG_WARN_RANGE_LOOP_ANALYSIS = YES;
				CLANG_WARN_STRICT_PROTOTYPES = YES;
				CLANG_WARN_SUSPICIOUS_MOVE = YES;
				CLANG_WARN_UNGUARDED_AVAILABILITY = YES_AGGRESSIVE;
				CLANG_WARN_UNREACHABLE_CODE = YES;
				CLANG_WARN__DUPLICATE_METHOD_MATCH = YES;
				COPY_PHASE_STRIP = NO;
				DEBUG_INFORMATION_FORMAT = "dwarf-with-dsym";
				ENABLE_NS_ASSERTIONS = NO;
				ENABLE_STRICT_OBJC_MSGSEND = YES;
				GCC_C_LANGUAGE_STANDARD = gnu11;
				GCC_NO_COMMON_BLOCKS = YES;
				GCC_WARN_64_TO_32_BIT_CONVERSION = YES;
				GCC_WARN_ABOUT_RETURN_TYPE = YES_ERROR;
				GCC_WARN_UNDECLARED_SELECTOR = YES;
				GCC_WARN_UNINITIALIZED_AUTOS = YES_AGGRESSIVE;
				GCC_WARN_UNUSED_FUNCTION = YES;
				GCC_WARN_UNUSED_VARIABLE = YES;
				IPHONEOS_DEPLOYMENT_TARGET = 14.4;
				MTL_ENABLE_DEBUG_INFO = NO;
				MTL_FAST_MATH = YES;
				SDKROOT = iphoneos;
				SWIFT_COMPILATION_MODE = wholemodule;
				SWIFT_OPTIMIZATION_LEVEL = "-O";
				VALIDATE_PRODUCT = YES;
			};
			name = Release;
		};
		A5B1A8B526536D8F00A716D2 /* Debug */ = {
			isa = XCBuildConfiguration;
			baseConfigurationReference = 5A6002C57B9DE3731EBAFA04 /* Pods-Instagram.debug.xcconfig */;
			buildSettings = {
				ASSETCATALOG_COMPILER_APPICON_NAME = AppIcon;
				ASSETCATALOG_COMPILER_GLOBAL_ACCENT_COLOR_NAME = AccentColor;
				CODE_SIGN_STYLE = Automatic;
				DEVELOPMENT_TEAM = 6KBAQD23ZJ;
				INFOPLIST_FILE = Instagram/Info.plist;
				IPHONEOS_DEPLOYMENT_TARGET = 13.0;
				LD_RUNPATH_SEARCH_PATHS = (
					"$(inherited)",
					"@executable_path/Frameworks",
				);
				PRODUCT_BUNDLE_IDENTIFIER = Nadia.Instagram;
				PRODUCT_NAME = "$(TARGET_NAME)";
				SWIFT_VERSION = 5.0;
				TARGETED_DEVICE_FAMILY = "1,2";
			};
			name = Debug;
		};
		A5B1A8B626536D8F00A716D2 /* Release */ = {
			isa = XCBuildConfiguration;
			baseConfigurationReference = 6E8BB996F55844CCEC9D1B3A /* Pods-Instagram.release.xcconfig */;
			buildSettings = {
				ASSETCATALOG_COMPILER_APPICON_NAME = AppIcon;
				ASSETCATALOG_COMPILER_GLOBAL_ACCENT_COLOR_NAME = AccentColor;
				CODE_SIGN_STYLE = Automatic;
				DEVELOPMENT_TEAM = 6KBAQD23ZJ;
				INFOPLIST_FILE = Instagram/Info.plist;
				IPHONEOS_DEPLOYMENT_TARGET = 13.0;
				LD_RUNPATH_SEARCH_PATHS = (
					"$(inherited)",
					"@executable_path/Frameworks",
				);
				PRODUCT_BUNDLE_IDENTIFIER = Nadia.Instagram;
				PRODUCT_NAME = "$(TARGET_NAME)";
				SWIFT_VERSION = 5.0;
				TARGETED_DEVICE_FAMILY = "1,2";
			};
			name = Release;
		};
/* End XCBuildConfiguration section */

/* Begin XCConfigurationList section */
		A5B1A89B26536D8D00A716D2 /* Build configuration list for PBXProject "Instagram" */ = {
			isa = XCConfigurationList;
			buildConfigurations = (
				A5B1A8B226536D8F00A716D2 /* Debug */,
				A5B1A8B326536D8F00A716D2 /* Release */,
			);
			defaultConfigurationIsVisible = 0;
			defaultConfigurationName = Release;
		};
		A5B1A8B426536D8F00A716D2 /* Build configuration list for PBXNativeTarget "Instagram" */ = {
			isa = XCConfigurationList;
			buildConfigurations = (
				A5B1A8B526536D8F00A716D2 /* Debug */,
				A5B1A8B626536D8F00A716D2 /* Release */,
			);
			defaultConfigurationIsVisible = 0;
			defaultConfigurationName = Release;
		};
/* End XCConfigurationList section */
	};
	rootObject = A5B1A89826536D8D00A716D2 /* Project object */;
}
